# THIS IS AN AUTOGENERATED FILE. DO NOT EDIT THIS FILE DIRECTLY.
# yarn lockfile v1


"@babel/helper-validator-identifier@^7.14.9":
  version "7.14.9"
  resolved "https://registry.npmjs.org/@babel/helper-validator-identifier/-/helper-validator-identifier-7.14.9.tgz#6654d171b2024f6d8ee151bf2509699919131d48"
  integrity sha512-pQYxPY0UP6IHISRitNe8bsijHex4TWZXi2HwKVsjPiltzlhse2znVcm9Ace510VT1kxIHjGJCZZQBX2gJDbo0g==

"@babel/parser@^7.12.0":
  version "7.15.3"
  resolved "https://registry.npmjs.org/@babel/parser/-/parser-7.15.3.tgz#3416d9bea748052cfcb63dbcc27368105b1ed862"
  integrity sha512-O0L6v/HvqbdJawj0iBEfVQMc3/6WP+AeOsovsIgBFyJaG+W2w7eqvZB7puddATmWuARlm1SX7DwxJ/JJUnDpEA==

"@babel/types@^7.12.0":
  version "7.15.0"
  resolved "https://registry.npmjs.org/@babel/types/-/types-7.15.0.tgz#61af11f2286c4e9c69ca8deb5f4375a73c72dcbd"
  integrity sha512-OBvfqnllOIdX4ojTHpwZbpvz4j3EWyjkZEdmjH0/cgsd6QOdSgU8rLSk6ard/pcW7rlmjdVSX/AWOaORR1uNOQ==
  dependencies:
    "@babel/helper-validator-identifier" "^7.14.9"
    to-fast-properties "^2.0.0"

"@vue/compiler-core@3.2.0":
  version "3.2.0"
  resolved "https://registry.npmjs.org/@vue/compiler-core/-/compiler-core-3.2.0.tgz#cd06283615dfb228b5e6f2aabcf30dadc0f9dfe5"
  integrity sha512-+kfA4pisto26tcEh9Naf/qrizplYWnkBLHu3fX5Yu0c47RVBteVG3dHENFczl3Egwra+5NP5f3YuOgxK1ZMbNQ==
  dependencies:
    "@babel/parser" "^7.12.0"
    "@babel/types" "^7.12.0"
    "@vue/shared" "3.2.0"
    estree-walker "^2.0.1"
    source-map "^0.6.1"

"@vue/compiler-dom@3.2.0":
  version "3.2.0"
  resolved "https://registry.npmjs.org/@vue/compiler-dom/-/compiler-dom-3.2.0.tgz#91bc35afddbd634b186e6da4c594f5705f68d6bb"
  integrity sha512-CqfATmX04+58LNBTTUPRBLyYGLP0bxtL+8b7B8pEvXja7fpmxiYcKBQsdaXfyqoRJsaTzA7eVXQt/t0dYhu/SQ==
  dependencies:
    "@vue/compiler-core" "3.2.0"
    "@vue/shared" "3.2.0"

"@vue/reactivity@3.2.0":
  version "3.2.0"
  resolved "https://registry.npmjs.org/@vue/reactivity/-/reactivity-3.2.0.tgz#4e2e6d71312ba4d7505b8faf9c9599ddc030e346"
  integrity sha512-39L3UJe8+jYeCTM/QrDglDM05O11UrmyhazUOHOOj7+a9pPVu95HGInh5CkKQf98mx2gq6t3PPN8bCN5wK8Wwg==
  dependencies:
    "@vue/shared" "3.2.0"

"@vue/runtime-core@3.2.0":
  version "3.2.0"
  resolved "https://registry.npmjs.org/@vue/runtime-core/-/runtime-core-3.2.0.tgz#490b5639a2e8a0b6c5cb491aa710a441fad994c3"
  integrity sha512-mZlkYTcw3mVwClwFTpql4hkDfOweHE/w+9r3Yb3UPwRs75bSJXMBRUikw1GVx01bZQ8VQPjBYowCElcWNSlKig==
  dependencies:
    "@vue/reactivity" "3.2.0"
    "@vue/shared" "3.2.0"

"@vue/runtime-dom@3.2.0":
  version "3.2.0"
  resolved "https://registry.npmjs.org/@vue/runtime-dom/-/runtime-dom-3.2.0.tgz#d4866acf79a0b6c43d3bdca057b2f42cd5dbc32f"
  integrity sha512-NCHMfrUwpJelCTINpMRLFhzWKJkl07slabmTbECZFJnkdDfFkptGCWll42q58bbvwGmpAPDzNI3yYch72pcKwg==
  dependencies:
    "@vue/runtime-core" "3.2.0"
    "@vue/shared" "3.2.0"
    csstype "^2.6.8"

"@vue/shared@3.2.0":
  version "3.2.0"
  resolved "https://registry.npmjs.org/@vue/shared/-/shared-3.2.0.tgz#f24386a54ca7e43da83ae3695be5ca92f2f946e0"
  integrity sha512-MgdilC3YHYSCFuNlxZBgugh8B9/h/h+nQ6lkeaxqFWW+FnV/JzCwW4Bh5bYIYvBleG8QZjFwxdmdqSAWLXzgEA==

csstype@^2.6.8:
  version "2.6.17"
  resolved "https://registry.npmjs.org/csstype/-/csstype-2.6.17.tgz#4cf30eb87e1d1a005d8b6510f95292413f6a1c0e"
  integrity sha512-u1wmTI1jJGzCJzWndZo8mk4wnPTZd1eOIYTYvuEyOQGfmDl3TrabCCfKnOC86FZwW/9djqTl933UF/cS425i9A==

estree-walker@^2.0.1:
  version "2.0.2"
  resolved "https://registry.npmjs.org/estree-walker/-/estree-walker-2.0.2.tgz#52f010178c2a4c117a7757cfe942adb7d2da4cac"
  integrity sha512-Rfkk/Mp/DL7JVje3u18FxFujQlTNR2q6QfMSMB7AvCBx91NGj/ba3kCfza0f6dVDbw7YlRf/nDrn7pQrCCyQ/w==

source-map@^0.6.1:
  version "0.6.1"
  resolved "https://registry.npmjs.org/source-map/-/source-map-0.6.1.tgz#74722af32e9614e9c287a8d0bbde48b5e2f1a263"
  integrity sha512-UjgapumWlbMhkBgzT7Ykc5YXUT46F0iKu8SGXq0bcwP5dz/h0Plj6enJqjz1Zbq2l5WaqYnrVbwWOWMyF3F47g==

to-fast-properties@^2.0.0:
  version "2.0.0"
  resolved "https://registry.npmjs.org/to-fast-properties/-/to-fast-properties-2.0.0.tgz#dc5e698cbd079265bc73e0377681a4e4e83f616e"
  integrity sha1-3F5pjL0HkmW8c+A3doGk5Og/YW4=

vue@3.2.0:
  version "3.2.0"
  resolved "https://registry.npmjs.org/vue/-/vue-3.2.0.tgz#81306934369446b46d1aaed9a9a986b79afdba96"
  integrity sha512-eMo5yCdkWRmBfqp/acBI/Y1Omgk0NyGqPViaU66eOpKarXNtkdImzDA57+E76jnWVr6MEp/rg1n0vnxaVvALMQ==
  dependencies:
    "@vue/compiler-dom" "3.2.0"
    "@vue/runtime-dom" "3.2.0"
    "@vue/shared" "3.2.0"
