# THIS IS AN AUTOGENERATED FILE. DO NOT EDIT THIS FILE DIRECTLY.
# yarn lockfile v1


"@vue/reactivity@3.2.2":
  version "3.2.2"
  resolved "https://registry.npmjs.org/@vue/reactivity/-/reactivity-3.2.2.tgz#d37011a68395e038a3cf5256af52d48c591b06b6"
  integrity sha512-IHjhtmrhK6dzacj/EnLQDWOaA3HuzzVk6w84qgV8EpS4uWGIJXiRalMRg6XvGW2ykJvIl3pLsF0aBFlTMRiLOA==
  dependencies:
    "@vue/shared" "3.2.2"

"@vue/runtime-core@3.2.2", "@vue/runtime-core@^3.2.2":
  version "3.2.2"
  resolved "https://registry.npmjs.org/@vue/runtime-core/-/runtime-core-3.2.2.tgz#b9a7250783de19dd8dd6febf008084b0f9144586"
  integrity sha512-/aUk1+GO/VPX0oVxhbzSWE1zrf3/wGCsO1ALNisVokYftKqfqLDjbJHE6mrI2hx3MiuwbHrWjJClkGUVTIOPEQ==
  dependencies:
    "@vue/reactivity" "3.2.2"
    "@vue/shared" "3.2.2"

"@vue/runtime-dom@^3.2.2":
  version "3.2.2"
  resolved "https://registry.npmjs.org/@vue/runtime-dom/-/runtime-dom-3.2.2.tgz#6d0da23ed1cfc702477f4b8c5dc4f9335c94e119"
  integrity sha512-1Le/NpCfawCOfePfJezvWUF+oCVLU8N+IHN4oFDOxRe6/PgHNJ+yT+YdxFifBfI+TIAoXI/9PsnqzmJZV+xsmw==
  dependencies:
    "@vue/runtime-core" "3.2.2"
    "@vue/shared" "3.2.2"
    csstype "^2.6.8"

"@vue/shared@3.2.2":
  version "3.2.2"
  resolved "https://registry.npmjs.org/@vue/shared/-/shared-3.2.2.tgz#6104185ebd57af5a14ac51c1f491b2205fc24054"
  integrity sha512-dvYb318tk9uOzHtSaT3WII/HscQSIRzoCZ5GyxEb3JlkEXASpAUAQwKnvSe2CudnF8XHFRTB7VITWSnWNLZUtA==

csstype@^2.6.8:
  version "2.6.17"
  resolved "https://registry.npmjs.org/csstype/-/csstype-2.6.17.tgz#4cf30eb87e1d1a005d8b6510f95292413f6a1c0e"
  integrity sha512-u1wmTI1jJGzCJzWndZo8mk4wnPTZd1eOIYTYvuEyOQGfmDl3TrabCCfKnOC86FZwW/9djqTl933UF/cS425i9A==

vue@^2.6.14:
  version "2.6.14"
  resolved "https://registry.npmjs.org/vue/-/vue-2.6.14.tgz#e51aa5250250d569a3fbad3a8a5a687d6036e235"
  integrity sha512-x2284lgYvjOMj3Za7kqzRcUSxBboHqtgRE2zlos1qWaOye5yUmHn42LB1250NJBLRwEcdrB0JRwyPTEPhfQjiQ==
